
Microsoft Visual Studio Solution File, Format Version 12.00
# Visual Studio Version 17
VisualStudioVersion = 17.5.002.0
MinimumVisualStudioVersion = 10.0.40219.1
Project("{9A19103F-16F7-4668-BE54-9A1E7A4F7556}") = "CarEvaluation", "CarEvaluation.csproj", "{B8D4B1CB-3CFA-4D01-95E5-9DDE382C4D06}"
EndProject
Global
	GlobalSection(SolutionConfigurationPlatforms) = preSolution
		Debug|Any CPU = Debug|Any CPU
		Release|Any CPU = Release|Any CPU
	EndGlobalSection
	GlobalSection(ProjectConfigurationPlatforms) = postSolution
		{B8D4B1CB-3CFA-4D01-95E5-9DDE382C4D06}.Debug|Any CPU.ActiveCfg = Debug|Any CPU
		{B8D4B1CB-3CFA-4D01-95E5-9DDE382C4D06}.Debug|Any CPU.Build.0 = Debug|Any CPU
		{B8D4B1CB-3CFA-4D01-95E5-9DDE382C4D06}.Release|Any CPU.ActiveCfg = Release|Any CPU
		{B8D4B1CB-3CFA-4D01-95E5-9DDE382C4D06}.Release|Any CPU.Build.0 = Release|Any CPU
	EndGlobalSection
	GlobalSection(SolutionProperties) = preSolution
		HideSolutionNode = FALSE
	EndGlobalSection
	GlobalSection(ExtensibilityGlobals) = postSolution
		SolutionGuid = {F1146B58-88C7-4953-8328-BFED5555E8B7}
	EndGlobalSection
EndGlobal
