
Microsoft Visual Studio Solution File, Format Version 12.00
# Visual Studio Version 17
VisualStudioVersion = 17.5.002.0
MinimumVisualStudioVersion = 10.0.40219.1
Project("{9A19103F-16F7-4668-BE54-9A1E7A4F7556}") = "ReversibleComputing_Frontend", "ReversibleComputing_Frontend.csproj", "{53B3906E-BC25-4916-842E-2548A66D57DA}"
EndProject
Global
	GlobalSection(SolutionConfigurationPlatforms) = preSolution
		Debug|Any CPU = Debug|Any CPU
		Release|Any CPU = Release|Any CPU
	EndGlobalSection
	GlobalSection(ProjectConfigurationPlatforms) = postSolution
		{53B3906E-BC25-4916-842E-2548A66D57DA}.Debug|Any CPU.ActiveCfg = Debug|Any CPU
		{53B3906E-BC25-4916-842E-2548A66D57DA}.Debug|Any CPU.Build.0 = Debug|Any CPU
		{53B3906E-BC25-4916-842E-2548A66D57DA}.Release|Any CPU.ActiveCfg = Release|Any CPU
		{53B3906E-BC25-4916-842E-2548A66D57DA}.Release|Any CPU.Build.0 = Release|Any CPU
	EndGlobalSection
	GlobalSection(SolutionProperties) = preSolution
		HideSolutionNode = FALSE
	EndGlobalSection
	GlobalSection(ExtensibilityGlobals) = postSolution
		SolutionGuid = {10C55C99-B642-4CF5-B4A4-956F5B89CDC9}
	EndGlobalSection
EndGlobal
