
Microsoft Visual Studio Solution File, Format Version 12.00
# Visual Studio Version 17
VisualStudioVersion = 17.5.002.0
MinimumVisualStudioVersion = 10.0.40219.1
Project("{9A19103F-16F7-4668-BE54-9A1E7A4F7556}") = "QAOA_Frontend", "QAOA_Frontend.csproj", "{D9BF55E7-A164-4BB7-B390-C96250D7F94B}"
EndProject
Global
	GlobalSection(SolutionConfigurationPlatforms) = preSolution
		Debug|Any CPU = Debug|Any CPU
		Release|Any CPU = Release|Any CPU
	EndGlobalSection
	GlobalSection(ProjectConfigurationPlatforms) = postSolution
		{D9BF55E7-A164-4BB7-B390-C96250D7F94B}.Debug|Any CPU.ActiveCfg = Debug|Any CPU
		{D9BF55E7-A164-4BB7-B390-C96250D7F94B}.Debug|Any CPU.Build.0 = Debug|Any CPU
		{D9BF55E7-A164-4BB7-B390-C96250D7F94B}.Release|Any CPU.ActiveCfg = Release|Any CPU
		{D9BF55E7-A164-4BB7-B390-C96250D7F94B}.Release|Any CPU.Build.0 = Release|Any CPU
	EndGlobalSection
	GlobalSection(SolutionProperties) = preSolution
		HideSolutionNode = FALSE
	EndGlobalSection
	GlobalSection(ExtensibilityGlobals) = postSolution
		SolutionGuid = {4C5C03DB-E81B-4A4A-9D0C-9FE0F492EAA6}
	EndGlobalSection
EndGlobal
