
Microsoft Visual Studio Solution File, Format Version 12.00
# Visual Studio Version 17
VisualStudioVersion = 17.5.002.0
MinimumVisualStudioVersion = 10.0.40219.1
Project("{9A19103F-16F7-4668-BE54-9A1E7A4F7556}") = "Wine", "Wine.csproj", "{289F2624-AA51-4C33-87E3-CF47BFF4687E}"
EndProject
Global
	GlobalSection(SolutionConfigurationPlatforms) = preSolution
		Debug|Any CPU = Debug|Any CPU
		Release|Any CPU = Release|Any CPU
	EndGlobalSection
	GlobalSection(ProjectConfigurationPlatforms) = postSolution
		{289F2624-AA51-4C33-87E3-CF47BFF4687E}.Debug|Any CPU.ActiveCfg = Debug|Any CPU
		{289F2624-AA51-4C33-87E3-CF47BFF4687E}.Debug|Any CPU.Build.0 = Debug|Any CPU
		{289F2624-AA51-4C33-87E3-CF47BFF4687E}.Release|Any CPU.ActiveCfg = Release|Any CPU
		{289F2624-AA51-4C33-87E3-CF47BFF4687E}.Release|Any CPU.Build.0 = Release|Any CPU
	EndGlobalSection
	GlobalSection(SolutionProperties) = preSolution
		HideSolutionNode = FALSE
	EndGlobalSection
	GlobalSection(ExtensibilityGlobals) = postSolution
		SolutionGuid = {AD720746-E6E9-49FD-910A-4959463070C9}
	EndGlobalSection
EndGlobal
